
Microsoft Visual Studio Solution File, Format Version 12.00
# Visual Studio Version 17
VisualStudioVersion = 17.11.35208.52
MinimumVisualStudioVersion = 10.0.40219.1
Project("{FAE04EC0-301F-11D3-BF4B-00C04F79EFBC}") = "BaiTap07", "BaiTap07\BaiTap07.csproj", "{9E536F87-6972-4F10-9296-9506CFC67AD6}"
EndProject
Global
	GlobalSection(SolutionConfigurationPlatforms) = preSolution
		Debug|Any CPU = Debug|Any CPU
		Release|Any CPU = Release|Any CPU
	EndGlobalSection
	GlobalSection(ProjectConfigurationPlatforms) = postSolution
		{9E536F87-6972-4F10-9296-9506CFC67AD6}.Debug|Any CPU.ActiveCfg = Debug|Any CPU
		{9E536F87-6972-4F10-9296-9506CFC67AD6}.Debug|Any CPU.Build.0 = Debug|Any CPU
		{9E536F87-6972-4F10-9296-9506CFC67AD6}.Release|Any CPU.ActiveCfg = Release|Any CPU
		{9E536F87-6972-4F10-9296-9506CFC67AD6}.Release|Any CPU.Build.0 = Release|Any CPU
	EndGlobalSection
	GlobalSection(SolutionProperties) = preSolution
		HideSolutionNode = FALSE
	EndGlobalSection
	GlobalSection(ExtensibilityGlobals) = postSolution
		SolutionGuid = {CAC88795-B91C-4A16-8481-B49AA424A714}
	EndGlobalSection
EndGlobal
