
Microsoft Visual Studio Solution File, Format Version 12.00
# Visual Studio Version 17
VisualStudioVersion = 17.11.35208.52
MinimumVisualStudioVersion = 10.0.40219.1
Project("{FAE04EC0-301F-11D3-BF4B-00C04F79EFBC}") = "BT02", "BT02\BT02.csproj", "{84D7CB15-89E7-40F1-A31F-72D9F10F3B5E}"
EndProject
Global
	GlobalSection(SolutionConfigurationPlatforms) = preSolution
		Debug|Any CPU = Debug|Any CPU
		Release|Any CPU = Release|Any CPU
	EndGlobalSection
	GlobalSection(ProjectConfigurationPlatforms) = postSolution
		{84D7CB15-89E7-40F1-A31F-72D9F10F3B5E}.Debug|Any CPU.ActiveCfg = Debug|Any CPU
		{84D7CB15-89E7-40F1-A31F-72D9F10F3B5E}.Debug|Any CPU.Build.0 = Debug|Any CPU
		{84D7CB15-89E7-40F1-A31F-72D9F10F3B5E}.Release|Any CPU.ActiveCfg = Release|Any CPU
		{84D7CB15-89E7-40F1-A31F-72D9F10F3B5E}.Release|Any CPU.Build.0 = Release|Any CPU
	EndGlobalSection
	GlobalSection(SolutionProperties) = preSolution
		HideSolutionNode = FALSE
	EndGlobalSection
	GlobalSection(ExtensibilityGlobals) = postSolution
		SolutionGuid = {523FC261-C13D-411A-B9BA-18DE7FD16771}
	EndGlobalSection
EndGlobal
