
Microsoft Visual Studio Solution File, Format Version 12.00
# Visual Studio Version 17
VisualStudioVersion = 17.11.35208.52
MinimumVisualStudioVersion = 10.0.40219.1
Project("{FAE04EC0-301F-11D3-BF4B-00C04F79EFBC}") = "Baitap02", "Baitap02\Baitap02.csproj", "{D0FD389B-0395-4389-9B09-33AA63E70E8A}"
EndProject
Global
	GlobalSection(SolutionConfigurationPlatforms) = preSolution
		Debug|Any CPU = Debug|Any CPU
		Release|Any CPU = Release|Any CPU
	EndGlobalSection
	GlobalSection(ProjectConfigurationPlatforms) = postSolution
		{D0FD389B-0395-4389-9B09-33AA63E70E8A}.Debug|Any CPU.ActiveCfg = Debug|Any CPU
		{D0FD389B-0395-4389-9B09-33AA63E70E8A}.Debug|Any CPU.Build.0 = Debug|Any CPU
		{D0FD389B-0395-4389-9B09-33AA63E70E8A}.Release|Any CPU.ActiveCfg = Release|Any CPU
		{D0FD389B-0395-4389-9B09-33AA63E70E8A}.Release|Any CPU.Build.0 = Release|Any CPU
	EndGlobalSection
	GlobalSection(SolutionProperties) = preSolution
		HideSolutionNode = FALSE
	EndGlobalSection
	GlobalSection(ExtensibilityGlobals) = postSolution
		SolutionGuid = {BE6ADD4F-37FD-41B3-9CD1-DE04899430EB}
	EndGlobalSection
EndGlobal
