
Microsoft Visual Studio Solution File, Format Version 12.00
# Visual Studio Version 17
VisualStudioVersion = 17.11.35208.52
MinimumVisualStudioVersion = 10.0.40219.1
Project("{FAE04EC0-301F-11D3-BF4B-00C04F79EFBC}") = "BaiTap01", "BaiTap01\BaiTap01.csproj", "{AD42C918-E360-4105-9AAF-3EFBC8C2091B}"
EndProject
Global
	GlobalSection(SolutionConfigurationPlatforms) = preSolution
		Debug|Any CPU = Debug|Any CPU
		Release|Any CPU = Release|Any CPU
	EndGlobalSection
	GlobalSection(ProjectConfigurationPlatforms) = postSolution
		{AD42C918-E360-4105-9AAF-3EFBC8C2091B}.Debug|Any CPU.ActiveCfg = Debug|Any CPU
		{AD42C918-E360-4105-9AAF-3EFBC8C2091B}.Debug|Any CPU.Build.0 = Debug|Any CPU
		{AD42C918-E360-4105-9AAF-3EFBC8C2091B}.Release|Any CPU.ActiveCfg = Release|Any CPU
		{AD42C918-E360-4105-9AAF-3EFBC8C2091B}.Release|Any CPU.Build.0 = Release|Any CPU
	EndGlobalSection
	GlobalSection(SolutionProperties) = preSolution
		HideSolutionNode = FALSE
	EndGlobalSection
	GlobalSection(ExtensibilityGlobals) = postSolution
		SolutionGuid = {19B70B14-1FC7-40F3-9E0E-5AB59EA07B71}
	EndGlobalSection
EndGlobal
