
Microsoft Visual Studio Solution File, Format Version 12.00
# Visual Studio Version 17
VisualStudioVersion = 17.11.35208.52
MinimumVisualStudioVersion = 10.0.40219.1
Project("{FAE04EC0-301F-11D3-BF4B-00C04F79EFBC}") = "Baitap03", "Baitap03\Baitap03.csproj", "{D312CEF3-8283-4391-8BBC-82FD782BFA82}"
EndProject
Global
	GlobalSection(SolutionConfigurationPlatforms) = preSolution
		Debug|Any CPU = Debug|Any CPU
		Release|Any CPU = Release|Any CPU
	EndGlobalSection
	GlobalSection(ProjectConfigurationPlatforms) = postSolution
		{D312CEF3-8283-4391-8BBC-82FD782BFA82}.Debug|Any CPU.ActiveCfg = Debug|Any CPU
		{D312CEF3-8283-4391-8BBC-82FD782BFA82}.Debug|Any CPU.Build.0 = Debug|Any CPU
		{D312CEF3-8283-4391-8BBC-82FD782BFA82}.Release|Any CPU.ActiveCfg = Release|Any CPU
		{D312CEF3-8283-4391-8BBC-82FD782BFA82}.Release|Any CPU.Build.0 = Release|Any CPU
	EndGlobalSection
	GlobalSection(SolutionProperties) = preSolution
		HideSolutionNode = FALSE
	EndGlobalSection
	GlobalSection(ExtensibilityGlobals) = postSolution
		SolutionGuid = {03C22084-5F83-495A-B0C5-899FED45B55B}
	EndGlobalSection
EndGlobal
