
Microsoft Visual Studio Solution File, Format Version 12.00
# Visual Studio Version 17
VisualStudioVersion = 17.11.35208.52
MinimumVisualStudioVersion = 10.0.40219.1
Project("{FAE04EC0-301F-11D3-BF4B-00C04F79EFBC}") = "BaiKiemTra02", "BaiKiemTra02\BaiKiemTra02.csproj", "{817EF152-8A7B-4F1D-AD78-E546B836F4BA}"
EndProject
Global
	GlobalSection(SolutionConfigurationPlatforms) = preSolution
		Debug|Any CPU = Debug|Any CPU
		Release|Any CPU = Release|Any CPU
	EndGlobalSection
	GlobalSection(ProjectConfigurationPlatforms) = postSolution
		{817EF152-8A7B-4F1D-AD78-E546B836F4BA}.Debug|Any CPU.ActiveCfg = Debug|Any CPU
		{817EF152-8A7B-4F1D-AD78-E546B836F4BA}.Debug|Any CPU.Build.0 = Debug|Any CPU
		{817EF152-8A7B-4F1D-AD78-E546B836F4BA}.Release|Any CPU.ActiveCfg = Release|Any CPU
		{817EF152-8A7B-4F1D-AD78-E546B836F4BA}.Release|Any CPU.Build.0 = Release|Any CPU
	EndGlobalSection
	GlobalSection(SolutionProperties) = preSolution
		HideSolutionNode = FALSE
	EndGlobalSection
	GlobalSection(ExtensibilityGlobals) = postSolution
		SolutionGuid = {D7B4D3A0-327F-4716-8E43-98804EAD6036}
	EndGlobalSection
EndGlobal
