
Microsoft Visual Studio Solution File, Format Version 12.00
# Visual Studio Version 17
VisualStudioVersion = 17.11.35208.52
MinimumVisualStudioVersion = 10.0.40219.1
Project("{FAE04EC0-301F-11D3-BF4B-00C04F79EFBC}") = "BaiTapKiemTra01", "BaiTapKiemTra01\BaiTapKiemTra01.csproj", "{15ECB2BC-0BA9-4479-B9A4-B5DD32088F10}"
EndProject
Global
	GlobalSection(SolutionConfigurationPlatforms) = preSolution
		Debug|Any CPU = Debug|Any CPU
		Release|Any CPU = Release|Any CPU
	EndGlobalSection
	GlobalSection(ProjectConfigurationPlatforms) = postSolution
		{15ECB2BC-0BA9-4479-B9A4-B5DD32088F10}.Debug|Any CPU.ActiveCfg = Debug|Any CPU
		{15ECB2BC-0BA9-4479-B9A4-B5DD32088F10}.Debug|Any CPU.Build.0 = Debug|Any CPU
		{15ECB2BC-0BA9-4479-B9A4-B5DD32088F10}.Release|Any CPU.ActiveCfg = Release|Any CPU
		{15ECB2BC-0BA9-4479-B9A4-B5DD32088F10}.Release|Any CPU.Build.0 = Release|Any CPU
	EndGlobalSection
	GlobalSection(SolutionProperties) = preSolution
		HideSolutionNode = FALSE
	EndGlobalSection
	GlobalSection(ExtensibilityGlobals) = postSolution
		SolutionGuid = {246C1292-8039-4372-A2A7-BB8DF011E38A}
	EndGlobalSection
EndGlobal
